
Microsoft Visual Studio Solution File, Format Version 12.00
# Visual Studio Version 16
VisualStudioVersion = 16.0.30320.27
MinimumVisualStudioVersion = 10.0.40219.1
Project("{9A19103F-16F7-4668-BE54-9A1E7A4F7556}") = "Murzik.Entities", "..\Modules\Murzik.Entities\Murzik.Entities.csproj", "{D9693EB3-6349-4658-88F5-A8BF35D75DAE}"
EndProject
Project("{9A19103F-16F7-4668-BE54-9A1E7A4F7556}") = "Murzik.Interfaces", "..\Modules\Murzik.Interfaces\Murzik.Interfaces.csproj", "{D1540094-C96A-4D19-8C13-570F6F1B43D7}"
EndProject
Project("{2150E333-8FDC-42A3-9474-1A3956D46DE8}") = "Murzik.Entities", "Murzik.Entities", "{6D956692-C58B-4CE6-8029-3D8738BE511A}"
EndProject
Project("{2150E333-8FDC-42A3-9474-1A3956D46DE8}") = "Murzik", "Murzik", "{72567F55-1F80-4FB0-ACC5-6FF407591AC9}"
EndProject
Project("{2150E333-8FDC-42A3-9474-1A3956D46DE8}") = "Murzik.Interfaces", "Murzik.Interfaces", "{CD9E2A4D-3989-4CC6-8D4E-42428E8D4498}"
EndProject
Project("{2150E333-8FDC-42A3-9474-1A3956D46DE8}") = "Murzik.Utils", "Murzik.Utils", "{DF0F46FF-E7A1-46A9-ABC9-53CB6272214D}"
EndProject
Project("{9A19103F-16F7-4668-BE54-9A1E7A4F7556}") = "Murzik.Utils", "..\Modules\Murzik.Utils\Murzik.Utils.csproj", "{787A9C07-3EFF-404F-B030-A8FB081464C7}"
EndProject
Project("{9A19103F-16F7-4668-BE54-9A1E7A4F7556}") = "Murzik.DownloaderProvider", "..\Modules\Murzik.DownloaderProvider\Murzik.DownloaderProvider.csproj", "{E2C55FCD-E7DF-4F0F-A6C2-58F71F8794F1}"
EndProject
Project("{2150E333-8FDC-42A3-9474-1A3956D46DE8}") = "Murzik.DownloaderProvider", "Murzik.DownloaderProvider", "{FC6BFEC4-29D6-41DD-AD89-F229CF7CB1D3}"
EndProject
Project("{2150E333-8FDC-42A3-9474-1A3956D46DE8}") = "Murzik.DataProvider", "Murzik.DataProvider", "{9E6100F6-9CB6-4FEF-B73C-6B942DB83999}"
EndProject
Project("{9A19103F-16F7-4668-BE54-9A1E7A4F7556}") = "Murzik.DataProvider", "..\Modules\Murzik.DataProvider\Murzik.DataProvider.csproj", "{FDDA333C-677B-4AB6-8369-A296DEAD5214}"
EndProject
Project("{2150E333-8FDC-42A3-9474-1A3956D46DE8}") = "Murzik.AlgorithmServiceActions", "Murzik.AlgorithmServiceActions", "{DB78599E-2B2A-4987-ABBC-43CD4BA8082A}"
EndProject
Project("{9A19103F-16F7-4668-BE54-9A1E7A4F7556}") = "Murzik.AlgorithmServiceActions", "..\Modules\Murzik.Algorithm\Murzik.AlgorithmServiceActions.csproj", "{57DFB14A-B5EA-4B84-AF8D-97D302A26D97}"
EndProject
Project("{2150E333-8FDC-42A3-9474-1A3956D46DE8}") = "Murzik.Logic", "Murzik.Logic", "{543608A7-C9BF-4F74-A421-50E5AB4D6D03}"
EndProject
Project("{9A19103F-16F7-4668-BE54-9A1E7A4F7556}") = "Murzik.Logic", "..\Modules\Murzik.Logic\Murzik.Logic.csproj", "{CB172228-BF2E-40AF-99E1-A8BDF71D1C6A}"
EndProject
Project("{2150E333-8FDC-42A3-9474-1A3956D46DE8}") = "Murzik.CbrDownloader", "Murzik.CbrDownloader", "{BD7D33F8-015B-41BF-BCD4-5C9028B35131}"
EndProject
Project("{9A19103F-16F7-4668-BE54-9A1E7A4F7556}") = "Murzik.CbrDownloader", "..\Modules\Murzik.CbrDownloader\Murzik.CbrDownloader.csproj", "{96F3DFFB-E089-4A5D-8DF9-0B2CE63F86C6}"
EndProject
Project("{2150E333-8FDC-42A3-9474-1A3956D46DE8}") = "Murzik.XmlSaver", "Murzik.XmlSaver", "{9247CE6E-0271-4FBC-9128-D29CF64B5A52}"
EndProject
Project("{9A19103F-16F7-4668-BE54-9A1E7A4F7556}") = "Murzik.XmlSaver", "..\Modules\Murzik.XmlSaver\Murzik.XmlSaver.csproj", "{0CC50C76-9AC9-4001-981B-453AD931C6A0}"
EndProject
Project("{2150E333-8FDC-42A3-9474-1A3956D46DE8}") = "Murzik.MoexProvider", "Murzik.MoexProvider", "{207073E4-E835-47FA-88EA-6F7BEF993A73}"
EndProject
Project("{9A19103F-16F7-4668-BE54-9A1E7A4F7556}") = "Murzik.MoexProvider", "..\Modules\Murzik.MoexProvider\Murzik.MoexProvider.csproj", "{55146113-1CD7-495A-AB26-9744F61E9E5B}"
EndProject
Project("{2150E333-8FDC-42A3-9474-1A3956D46DE8}") = "Murzik.CsvSaver", "Murzik.CsvSaver", "{76E5356E-6C38-4A65-BD95-E5101C5BFA4B}"
EndProject
Project("{9A19103F-16F7-4668-BE54-9A1E7A4F7556}") = "Murzik.CsvProvider", "..\Modules\Murzik.CsvSaver\Murzik.CsvProvider.csproj", "{9706A7B2-D1D6-421C-823A-76BD9B39194D}"
EndProject
Project("{2150E333-8FDC-42A3-9474-1A3956D46DE8}") = "Murzik.Tests", "Murzik.Tests", "{BB8D2D65-39A7-4F10-B469-2283C1D96442}"
EndProject
Project("{2150E333-8FDC-42A3-9474-1A3956D46DE8}") = "Murzik.SchedulerService", "Murzik.SchedulerService", "{E201447F-5915-4A88-924E-EADF639D553A}"
EndProject
Project("{2150E333-8FDC-42A3-9474-1A3956D46DE8}") = "Murzik.AlgorithmService", "Murzik.AlgorithmService", "{1C915765-83E0-44F8-8987-40D8313948C5}"
EndProject
Project("{2150E333-8FDC-42A3-9474-1A3956D46DE8}") = "Murzik.PipelineService", "Murzik.PipelineService", "{91748078-5AED-4CE2-B454-0FB8EFDFC2BC}"
EndProject
Project("{9A19103F-16F7-4668-BE54-9A1E7A4F7556}") = "Murzik.AlgorithmService", "..\Modules\Murzik.AlgorithmService\Murzik.AlgorithmService.csproj", "{2A6C3FD2-7C66-4F00-9717-8B67004D1245}"
EndProject
Project("{9A19103F-16F7-4668-BE54-9A1E7A4F7556}") = "Murzik.SchedulerService", "..\Modules\Murzik.SchedulerService\Murzik.SchedulerService.csproj", "{605C0885-A695-4F1C-BD2B-4E397E02CB42}"
EndProject
Project("{2150E333-8FDC-42A3-9474-1A3956D46DE8}") = "Murzik.PipelineServiceActions", "Murzik.PipelineServiceActions", "{0BFC430C-095E-459B-AAF1-CF2FCD2D25C1}"
EndProject
Project("{9A19103F-16F7-4668-BE54-9A1E7A4F7556}") = "Murzik.Tests", "..\Modules\Murzik.Tests\Murzik.Tests.csproj", "{2E5AB9EA-B132-49B5-B434-C071BAE2FC1E}"
EndProject
Project("{FAE04EC0-301F-11D3-BF4B-00C04F79EFBC}") = "Murzik.SaverMurrData", "..\Modules\Murzik.SaverMurrData\Murzik.SaverMurrData.csproj", "{34E671AB-41C4-471F-B31D-2BE0DD519486}"
EndProject
Project("{2150E333-8FDC-42A3-9474-1A3956D46DE8}") = "Murzik.SaverMurrData", "Murzik.SaverMurrData", "{D6A9C87D-3CB6-462F-96AD-ECBBAE75984B}"
EndProject
Global
	GlobalSection(SolutionConfigurationPlatforms) = preSolution
		Debug|Any CPU = Debug|Any CPU
		Release|Any CPU = Release|Any CPU
	EndGlobalSection
	GlobalSection(ProjectConfigurationPlatforms) = postSolution
		{D9693EB3-6349-4658-88F5-A8BF35D75DAE}.Debug|Any CPU.ActiveCfg = Debug|Any CPU
		{D9693EB3-6349-4658-88F5-A8BF35D75DAE}.Debug|Any CPU.Build.0 = Debug|Any CPU
		{D9693EB3-6349-4658-88F5-A8BF35D75DAE}.Release|Any CPU.ActiveCfg = Release|Any CPU
		{D9693EB3-6349-4658-88F5-A8BF35D75DAE}.Release|Any CPU.Build.0 = Release|Any CPU
		{D1540094-C96A-4D19-8C13-570F6F1B43D7}.Debug|Any CPU.ActiveCfg = Debug|Any CPU
		{D1540094-C96A-4D19-8C13-570F6F1B43D7}.Debug|Any CPU.Build.0 = Debug|Any CPU
		{D1540094-C96A-4D19-8C13-570F6F1B43D7}.Release|Any CPU.ActiveCfg = Release|Any CPU
		{D1540094-C96A-4D19-8C13-570F6F1B43D7}.Release|Any CPU.Build.0 = Release|Any CPU
		{787A9C07-3EFF-404F-B030-A8FB081464C7}.Debug|Any CPU.ActiveCfg = Debug|Any CPU
		{787A9C07-3EFF-404F-B030-A8FB081464C7}.Debug|Any CPU.Build.0 = Debug|Any CPU
		{787A9C07-3EFF-404F-B030-A8FB081464C7}.Release|Any CPU.ActiveCfg = Release|Any CPU
		{787A9C07-3EFF-404F-B030-A8FB081464C7}.Release|Any CPU.Build.0 = Release|Any CPU
		{E2C55FCD-E7DF-4F0F-A6C2-58F71F8794F1}.Debug|Any CPU.ActiveCfg = Debug|Any CPU
		{E2C55FCD-E7DF-4F0F-A6C2-58F71F8794F1}.Debug|Any CPU.Build.0 = Debug|Any CPU
		{E2C55FCD-E7DF-4F0F-A6C2-58F71F8794F1}.Release|Any CPU.ActiveCfg = Release|Any CPU
		{E2C55FCD-E7DF-4F0F-A6C2-58F71F8794F1}.Release|Any CPU.Build.0 = Release|Any CPU
		{FDDA333C-677B-4AB6-8369-A296DEAD5214}.Debug|Any CPU.ActiveCfg = Debug|Any CPU
		{FDDA333C-677B-4AB6-8369-A296DEAD5214}.Debug|Any CPU.Build.0 = Debug|Any CPU
		{FDDA333C-677B-4AB6-8369-A296DEAD5214}.Release|Any CPU.ActiveCfg = Release|Any CPU
		{FDDA333C-677B-4AB6-8369-A296DEAD5214}.Release|Any CPU.Build.0 = Release|Any CPU
		{57DFB14A-B5EA-4B84-AF8D-97D302A26D97}.Debug|Any CPU.ActiveCfg = Debug|Any CPU
		{57DFB14A-B5EA-4B84-AF8D-97D302A26D97}.Debug|Any CPU.Build.0 = Debug|Any CPU
		{57DFB14A-B5EA-4B84-AF8D-97D302A26D97}.Release|Any CPU.ActiveCfg = Release|Any CPU
		{57DFB14A-B5EA-4B84-AF8D-97D302A26D97}.Release|Any CPU.Build.0 = Release|Any CPU
		{CB172228-BF2E-40AF-99E1-A8BDF71D1C6A}.Debug|Any CPU.ActiveCfg = Debug|Any CPU
		{CB172228-BF2E-40AF-99E1-A8BDF71D1C6A}.Debug|Any CPU.Build.0 = Debug|Any CPU
		{CB172228-BF2E-40AF-99E1-A8BDF71D1C6A}.Release|Any CPU.ActiveCfg = Release|Any CPU
		{CB172228-BF2E-40AF-99E1-A8BDF71D1C6A}.Release|Any CPU.Build.0 = Release|Any CPU
		{96F3DFFB-E089-4A5D-8DF9-0B2CE63F86C6}.Debug|Any CPU.ActiveCfg = Debug|Any CPU
		{96F3DFFB-E089-4A5D-8DF9-0B2CE63F86C6}.Debug|Any CPU.Build.0 = Debug|Any CPU
		{96F3DFFB-E089-4A5D-8DF9-0B2CE63F86C6}.Release|Any CPU.ActiveCfg = Release|Any CPU
		{96F3DFFB-E089-4A5D-8DF9-0B2CE63F86C6}.Release|Any CPU.Build.0 = Release|Any CPU
		{0CC50C76-9AC9-4001-981B-453AD931C6A0}.Debug|Any CPU.ActiveCfg = Debug|Any CPU
		{0CC50C76-9AC9-4001-981B-453AD931C6A0}.Debug|Any CPU.Build.0 = Debug|Any CPU
		{0CC50C76-9AC9-4001-981B-453AD931C6A0}.Release|Any CPU.ActiveCfg = Release|Any CPU
		{0CC50C76-9AC9-4001-981B-453AD931C6A0}.Release|Any CPU.Build.0 = Release|Any CPU
		{55146113-1CD7-495A-AB26-9744F61E9E5B}.Debug|Any CPU.ActiveCfg = Debug|Any CPU
		{55146113-1CD7-495A-AB26-9744F61E9E5B}.Debug|Any CPU.Build.0 = Debug|Any CPU
		{55146113-1CD7-495A-AB26-9744F61E9E5B}.Release|Any CPU.ActiveCfg = Release|Any CPU
		{55146113-1CD7-495A-AB26-9744F61E9E5B}.Release|Any CPU.Build.0 = Release|Any CPU
		{9706A7B2-D1D6-421C-823A-76BD9B39194D}.Debug|Any CPU.ActiveCfg = Debug|Any CPU
		{9706A7B2-D1D6-421C-823A-76BD9B39194D}.Debug|Any CPU.Build.0 = Debug|Any CPU
		{9706A7B2-D1D6-421C-823A-76BD9B39194D}.Release|Any CPU.ActiveCfg = Release|Any CPU
		{9706A7B2-D1D6-421C-823A-76BD9B39194D}.Release|Any CPU.Build.0 = Release|Any CPU
		{2A6C3FD2-7C66-4F00-9717-8B67004D1245}.Debug|Any CPU.ActiveCfg = Debug|Any CPU
		{2A6C3FD2-7C66-4F00-9717-8B67004D1245}.Debug|Any CPU.Build.0 = Debug|Any CPU
		{2A6C3FD2-7C66-4F00-9717-8B67004D1245}.Release|Any CPU.ActiveCfg = Release|Any CPU
		{2A6C3FD2-7C66-4F00-9717-8B67004D1245}.Release|Any CPU.Build.0 = Release|Any CPU
		{605C0885-A695-4F1C-BD2B-4E397E02CB42}.Debug|Any CPU.ActiveCfg = Debug|Any CPU
		{605C0885-A695-4F1C-BD2B-4E397E02CB42}.Debug|Any CPU.Build.0 = Debug|Any CPU
		{605C0885-A695-4F1C-BD2B-4E397E02CB42}.Release|Any CPU.ActiveCfg = Release|Any CPU
		{605C0885-A695-4F1C-BD2B-4E397E02CB42}.Release|Any CPU.Build.0 = Release|Any CPU
		{2E5AB9EA-B132-49B5-B434-C071BAE2FC1E}.Debug|Any CPU.ActiveCfg = Debug|Any CPU
		{2E5AB9EA-B132-49B5-B434-C071BAE2FC1E}.Debug|Any CPU.Build.0 = Debug|Any CPU
		{2E5AB9EA-B132-49B5-B434-C071BAE2FC1E}.Release|Any CPU.ActiveCfg = Release|Any CPU
		{2E5AB9EA-B132-49B5-B434-C071BAE2FC1E}.Release|Any CPU.Build.0 = Release|Any CPU
		{34E671AB-41C4-471F-B31D-2BE0DD519486}.Debug|Any CPU.ActiveCfg = Debug|Any CPU
		{34E671AB-41C4-471F-B31D-2BE0DD519486}.Debug|Any CPU.Build.0 = Debug|Any CPU
		{34E671AB-41C4-471F-B31D-2BE0DD519486}.Release|Any CPU.ActiveCfg = Release|Any CPU
		{34E671AB-41C4-471F-B31D-2BE0DD519486}.Release|Any CPU.Build.0 = Release|Any CPU
	EndGlobalSection
	GlobalSection(SolutionProperties) = preSolution
		HideSolutionNode = FALSE
	EndGlobalSection
	GlobalSection(NestedProjects) = preSolution
		{D9693EB3-6349-4658-88F5-A8BF35D75DAE} = {6D956692-C58B-4CE6-8029-3D8738BE511A}
		{D1540094-C96A-4D19-8C13-570F6F1B43D7} = {CD9E2A4D-3989-4CC6-8D4E-42428E8D4498}
		{6D956692-C58B-4CE6-8029-3D8738BE511A} = {72567F55-1F80-4FB0-ACC5-6FF407591AC9}
		{CD9E2A4D-3989-4CC6-8D4E-42428E8D4498} = {72567F55-1F80-4FB0-ACC5-6FF407591AC9}
		{DF0F46FF-E7A1-46A9-ABC9-53CB6272214D} = {72567F55-1F80-4FB0-ACC5-6FF407591AC9}
		{787A9C07-3EFF-404F-B030-A8FB081464C7} = {DF0F46FF-E7A1-46A9-ABC9-53CB6272214D}
		{E2C55FCD-E7DF-4F0F-A6C2-58F71F8794F1} = {FC6BFEC4-29D6-41DD-AD89-F229CF7CB1D3}
		{FC6BFEC4-29D6-41DD-AD89-F229CF7CB1D3} = {72567F55-1F80-4FB0-ACC5-6FF407591AC9}
		{9E6100F6-9CB6-4FEF-B73C-6B942DB83999} = {72567F55-1F80-4FB0-ACC5-6FF407591AC9}
		{FDDA333C-677B-4AB6-8369-A296DEAD5214} = {9E6100F6-9CB6-4FEF-B73C-6B942DB83999}
		{DB78599E-2B2A-4987-ABBC-43CD4BA8082A} = {72567F55-1F80-4FB0-ACC5-6FF407591AC9}
		{57DFB14A-B5EA-4B84-AF8D-97D302A26D97} = {DB78599E-2B2A-4987-ABBC-43CD4BA8082A}
		{543608A7-C9BF-4F74-A421-50E5AB4D6D03} = {72567F55-1F80-4FB0-ACC5-6FF407591AC9}
		{CB172228-BF2E-40AF-99E1-A8BDF71D1C6A} = {543608A7-C9BF-4F74-A421-50E5AB4D6D03}
		{BD7D33F8-015B-41BF-BCD4-5C9028B35131} = {72567F55-1F80-4FB0-ACC5-6FF407591AC9}
		{96F3DFFB-E089-4A5D-8DF9-0B2CE63F86C6} = {BD7D33F8-015B-41BF-BCD4-5C9028B35131}
		{9247CE6E-0271-4FBC-9128-D29CF64B5A52} = {72567F55-1F80-4FB0-ACC5-6FF407591AC9}
		{0CC50C76-9AC9-4001-981B-453AD931C6A0} = {9247CE6E-0271-4FBC-9128-D29CF64B5A52}
		{207073E4-E835-47FA-88EA-6F7BEF993A73} = {72567F55-1F80-4FB0-ACC5-6FF407591AC9}
		{55146113-1CD7-495A-AB26-9744F61E9E5B} = {207073E4-E835-47FA-88EA-6F7BEF993A73}
		{76E5356E-6C38-4A65-BD95-E5101C5BFA4B} = {72567F55-1F80-4FB0-ACC5-6FF407591AC9}
		{9706A7B2-D1D6-421C-823A-76BD9B39194D} = {76E5356E-6C38-4A65-BD95-E5101C5BFA4B}
		{BB8D2D65-39A7-4F10-B469-2283C1D96442} = {72567F55-1F80-4FB0-ACC5-6FF407591AC9}
		{E201447F-5915-4A88-924E-EADF639D553A} = {72567F55-1F80-4FB0-ACC5-6FF407591AC9}
		{1C915765-83E0-44F8-8987-40D8313948C5} = {72567F55-1F80-4FB0-ACC5-6FF407591AC9}
		{91748078-5AED-4CE2-B454-0FB8EFDFC2BC} = {72567F55-1F80-4FB0-ACC5-6FF407591AC9}
		{2A6C3FD2-7C66-4F00-9717-8B67004D1245} = {1C915765-83E0-44F8-8987-40D8313948C5}
		{605C0885-A695-4F1C-BD2B-4E397E02CB42} = {E201447F-5915-4A88-924E-EADF639D553A}
		{0BFC430C-095E-459B-AAF1-CF2FCD2D25C1} = {72567F55-1F80-4FB0-ACC5-6FF407591AC9}
		{2E5AB9EA-B132-49B5-B434-C071BAE2FC1E} = {BB8D2D65-39A7-4F10-B469-2283C1D96442}
		{34E671AB-41C4-471F-B31D-2BE0DD519486} = {D6A9C87D-3CB6-462F-96AD-ECBBAE75984B}
		{D6A9C87D-3CB6-462F-96AD-ECBBAE75984B} = {72567F55-1F80-4FB0-ACC5-6FF407591AC9}
	EndGlobalSection
	GlobalSection(ExtensibilityGlobals) = postSolution
		SolutionGuid = {01DF47AB-5A7B-4DC3-B568-0056AE70A9EA}
	EndGlobalSection
EndGlobal
