
Microsoft Visual Studio Solution File, Format Version 12.00
# Visual Studio Version 16
VisualStudioVersion = 16.0.30320.27
MinimumVisualStudioVersion = 10.0.40219.1
Project("{9A19103F-16F7-4668-BE54-9A1E7A4F7556}") = "DownloaderProvider", "..\Modules\DataProviders\DownloaderProvider\DownloaderProvider\DownloaderProvider.csproj", "{4AAD3896-00ED-4789-9E85-FB976DC127FD}"
EndProject
Project("{9A19103F-16F7-4668-BE54-9A1E7A4F7556}") = "DownloaderService", "..\Modules\DownloaderService\DownloaderService\DownloaderService.csproj", "{F5E172A7-ED13-4A2C-9D2A-BA4C4427C89F}"
EndProject
Project("{2150E333-8FDC-42A3-9474-1A3956D46DE8}") = "Downloader", "Downloader", "{464D9C4C-D84B-4E2F-8AB2-ED60C96D62EE}"
EndProject
Project("{2150E333-8FDC-42A3-9474-1A3956D46DE8}") = "Core", "Core", "{A9DB06EE-067A-4115-AA98-FC788BA43A9B}"
EndProject
Project("{9A19103F-16F7-4668-BE54-9A1E7A4F7556}") = "KarmaCore", "..\Modules\Core\KarmaCore\KarmaCore.csproj", "{D4C15DC1-520A-461C-83E8-C1E0F7EE1A10}"
EndProject
Project("{2150E333-8FDC-42A3-9474-1A3956D46DE8}") = "Test", "Test", "{DE1481A8-0BD6-42BF-8B29-19FC982E7124}"
EndProject
Project("{9A19103F-16F7-4668-BE54-9A1E7A4F7556}") = "TestFullSolutions", "..\Modules\Test\TestFullSolutions\TestFullSolutions.csproj", "{D2B3D96F-6354-4FDB-A1F9-E6547A87A500}"
EndProject
Project("{2150E333-8FDC-42A3-9474-1A3956D46DE8}") = "Saver", "Saver", "{58C63F52-8EFD-4939-80B7-3F48992CF7E2}"
EndProject
Project("{9A19103F-16F7-4668-BE54-9A1E7A4F7556}") = "XmlSaver", "..\Modules\DataProviders\SaverProvider\XmlSaver\XmlSaver\XmlSaver.csproj", "{2A822ABD-5C3E-4D7A-AAE3-344BA26CBB26}"
EndProject
Project("{2150E333-8FDC-42A3-9474-1A3956D46DE8}") = "Schedule", "Schedule", "{FB50ED1B-AF16-4DAE-83B8-E98F025D7CC9}"
EndProject
Project("{9A19103F-16F7-4668-BE54-9A1E7A4F7556}") = "ScheduleProvider", "..\Modules\DataProviders\ScheduleProvider\ScheduleProvider\ScheduleProvider.csproj", "{8034BE6F-7999-4083-9E16-016461F51897}"
EndProject
Project("{9A19103F-16F7-4668-BE54-9A1E7A4F7556}") = "KarmaScheduler", "..\Modules\ScheduleHangfire\KarmaScheduler\KarmaScheduler.csproj", "{5B804221-459E-4023-8317-0C155553E951}"
EndProject
Project("{2150E333-8FDC-42A3-9474-1A3956D46DE8}") = "Data", "Data", "{8A00D4A8-D318-40B0-9AF3-6F9081FC4AC1}"
EndProject
Project("{FAE04EC0-301F-11D3-BF4B-00C04F79EFBC}") = "MoexDataProvider", "..\Modules\DataProviders\DataProvider\MoexDataProvider\MoexDataProvider\MoexDataProvider.csproj", "{A960949A-BCEF-4786-8A77-C87678651E1F}"
EndProject
Global
	GlobalSection(SolutionConfigurationPlatforms) = preSolution
		Debug|Any CPU = Debug|Any CPU
		Release|Any CPU = Release|Any CPU
	EndGlobalSection
	GlobalSection(ProjectConfigurationPlatforms) = postSolution
		{4AAD3896-00ED-4789-9E85-FB976DC127FD}.Debug|Any CPU.ActiveCfg = Debug|Any CPU
		{4AAD3896-00ED-4789-9E85-FB976DC127FD}.Debug|Any CPU.Build.0 = Debug|Any CPU
		{4AAD3896-00ED-4789-9E85-FB976DC127FD}.Release|Any CPU.ActiveCfg = Release|Any CPU
		{4AAD3896-00ED-4789-9E85-FB976DC127FD}.Release|Any CPU.Build.0 = Release|Any CPU
		{F5E172A7-ED13-4A2C-9D2A-BA4C4427C89F}.Debug|Any CPU.ActiveCfg = Debug|Any CPU
		{F5E172A7-ED13-4A2C-9D2A-BA4C4427C89F}.Debug|Any CPU.Build.0 = Debug|Any CPU
		{F5E172A7-ED13-4A2C-9D2A-BA4C4427C89F}.Release|Any CPU.ActiveCfg = Release|Any CPU
		{F5E172A7-ED13-4A2C-9D2A-BA4C4427C89F}.Release|Any CPU.Build.0 = Release|Any CPU
		{D4C15DC1-520A-461C-83E8-C1E0F7EE1A10}.Debug|Any CPU.ActiveCfg = Debug|Any CPU
		{D4C15DC1-520A-461C-83E8-C1E0F7EE1A10}.Debug|Any CPU.Build.0 = Debug|Any CPU
		{D4C15DC1-520A-461C-83E8-C1E0F7EE1A10}.Release|Any CPU.ActiveCfg = Release|Any CPU
		{D4C15DC1-520A-461C-83E8-C1E0F7EE1A10}.Release|Any CPU.Build.0 = Release|Any CPU
		{D2B3D96F-6354-4FDB-A1F9-E6547A87A500}.Debug|Any CPU.ActiveCfg = Debug|Any CPU
		{D2B3D96F-6354-4FDB-A1F9-E6547A87A500}.Debug|Any CPU.Build.0 = Debug|Any CPU
		{D2B3D96F-6354-4FDB-A1F9-E6547A87A500}.Release|Any CPU.ActiveCfg = Release|Any CPU
		{D2B3D96F-6354-4FDB-A1F9-E6547A87A500}.Release|Any CPU.Build.0 = Release|Any CPU
		{2A822ABD-5C3E-4D7A-AAE3-344BA26CBB26}.Debug|Any CPU.ActiveCfg = Debug|Any CPU
		{2A822ABD-5C3E-4D7A-AAE3-344BA26CBB26}.Debug|Any CPU.Build.0 = Debug|Any CPU
		{2A822ABD-5C3E-4D7A-AAE3-344BA26CBB26}.Release|Any CPU.ActiveCfg = Release|Any CPU
		{2A822ABD-5C3E-4D7A-AAE3-344BA26CBB26}.Release|Any CPU.Build.0 = Release|Any CPU
		{8034BE6F-7999-4083-9E16-016461F51897}.Debug|Any CPU.ActiveCfg = Debug|Any CPU
		{8034BE6F-7999-4083-9E16-016461F51897}.Debug|Any CPU.Build.0 = Debug|Any CPU
		{8034BE6F-7999-4083-9E16-016461F51897}.Release|Any CPU.ActiveCfg = Release|Any CPU
		{8034BE6F-7999-4083-9E16-016461F51897}.Release|Any CPU.Build.0 = Release|Any CPU
		{5B804221-459E-4023-8317-0C155553E951}.Debug|Any CPU.ActiveCfg = Debug|Any CPU
		{5B804221-459E-4023-8317-0C155553E951}.Debug|Any CPU.Build.0 = Debug|Any CPU
		{5B804221-459E-4023-8317-0C155553E951}.Release|Any CPU.ActiveCfg = Release|Any CPU
		{5B804221-459E-4023-8317-0C155553E951}.Release|Any CPU.Build.0 = Release|Any CPU
		{A960949A-BCEF-4786-8A77-C87678651E1F}.Debug|Any CPU.ActiveCfg = Debug|Any CPU
		{A960949A-BCEF-4786-8A77-C87678651E1F}.Debug|Any CPU.Build.0 = Debug|Any CPU
		{A960949A-BCEF-4786-8A77-C87678651E1F}.Release|Any CPU.ActiveCfg = Release|Any CPU
		{A960949A-BCEF-4786-8A77-C87678651E1F}.Release|Any CPU.Build.0 = Release|Any CPU
	EndGlobalSection
	GlobalSection(SolutionProperties) = preSolution
		HideSolutionNode = FALSE
	EndGlobalSection
	GlobalSection(NestedProjects) = preSolution
		{4AAD3896-00ED-4789-9E85-FB976DC127FD} = {464D9C4C-D84B-4E2F-8AB2-ED60C96D62EE}
		{F5E172A7-ED13-4A2C-9D2A-BA4C4427C89F} = {464D9C4C-D84B-4E2F-8AB2-ED60C96D62EE}
		{D4C15DC1-520A-461C-83E8-C1E0F7EE1A10} = {A9DB06EE-067A-4115-AA98-FC788BA43A9B}
		{D2B3D96F-6354-4FDB-A1F9-E6547A87A500} = {DE1481A8-0BD6-42BF-8B29-19FC982E7124}
		{2A822ABD-5C3E-4D7A-AAE3-344BA26CBB26} = {58C63F52-8EFD-4939-80B7-3F48992CF7E2}
		{8034BE6F-7999-4083-9E16-016461F51897} = {FB50ED1B-AF16-4DAE-83B8-E98F025D7CC9}
		{5B804221-459E-4023-8317-0C155553E951} = {FB50ED1B-AF16-4DAE-83B8-E98F025D7CC9}
		{A960949A-BCEF-4786-8A77-C87678651E1F} = {8A00D4A8-D318-40B0-9AF3-6F9081FC4AC1}
	EndGlobalSection
	GlobalSection(ExtensibilityGlobals) = postSolution
		SolutionGuid = {01DF47AB-5A7B-4DC3-B568-0056AE70A9EA}
	EndGlobalSection
EndGlobal
