
Microsoft Visual Studio Solution File, Format Version 12.00
# Visual Studio Version 16
VisualStudioVersion = 16.0.30320.27
MinimumVisualStudioVersion = 10.0.40219.1
Project("{FAE04EC0-301F-11D3-BF4B-00C04F79EFBC}") = "DownloaderProvider", "DownloaderProvider\DownloaderProvider.csproj", "{178E07D3-CFB0-48C3-A8FC-6A2C5F3EB42E}"
EndProject
Global
	GlobalSection(SolutionConfigurationPlatforms) = preSolution
		Debug|Any CPU = Debug|Any CPU
		Release|Any CPU = Release|Any CPU
	EndGlobalSection
	GlobalSection(ProjectConfigurationPlatforms) = postSolution
		{178E07D3-CFB0-48C3-A8FC-6A2C5F3EB42E}.Debug|Any CPU.ActiveCfg = Debug|Any CPU
		{178E07D3-CFB0-48C3-A8FC-6A2C5F3EB42E}.Debug|Any CPU.Build.0 = Debug|Any CPU
		{178E07D3-CFB0-48C3-A8FC-6A2C5F3EB42E}.Release|Any CPU.ActiveCfg = Release|Any CPU
		{178E07D3-CFB0-48C3-A8FC-6A2C5F3EB42E}.Release|Any CPU.Build.0 = Release|Any CPU
	EndGlobalSection
	GlobalSection(SolutionProperties) = preSolution
		HideSolutionNode = FALSE
	EndGlobalSection
	GlobalSection(ExtensibilityGlobals) = postSolution
		SolutionGuid = {6A96DDA7-7D99-4FB5-95A6-E7CA7D796822}
	EndGlobalSection
EndGlobal
